
Microsoft Visual Studio Solution File, Format Version 12.00
# Visual Studio 15
VisualStudioVersion = 15.0.27428.2015
MinimumVisualStudioVersion = 10.0.40219.1
Project("{FAE04EC0-301F-11D3-BF4B-00C04F79EFBC}") = "CLIForms", "CLIForms\CLIForms.csproj", "{928EE27E-046E-4DCE-9D04-1C065B51DC67}"
EndProject
Project("{FAE04EC0-301F-11D3-BF4B-00C04F79EFBC}") = "TestHarness", "TestHarness\TestHarness.csproj", "{BBB2E91C-C4D2-449F-ACD5-2823A90580BA}"
EndProject
Project("{FAE04EC0-301F-11D3-BF4B-00C04F79EFBC}") = "Sample", "Sample\Sample.csproj", "{C0C3D6D3-E58C-4A8E-9B64-B725352EF8C7}"
	ProjectSection(ProjectDependencies) = postProject
		{928EE27E-046E-4DCE-9D04-1C065B51DC67} = {928EE27E-046E-4DCE-9D04-1C065B51DC67}
	EndProjectSection
EndProject
Global
	GlobalSection(SolutionConfigurationPlatforms) = preSolution
		Debug|Any CPU = Debug|Any CPU
		Debug|x64 = Debug|x64
		Debug|x86 = Debug|x86
		Release|Any CPU = Release|Any CPU
		Release|x64 = Release|x64
		Release|x86 = Release|x86
	EndGlobalSection
	GlobalSection(ProjectConfigurationPlatforms) = postSolution
		{928EE27E-046E-4DCE-9D04-1C065B51DC67}.Debug|Any CPU.ActiveCfg = Debug|Any CPU
		{928EE27E-046E-4DCE-9D04-1C065B51DC67}.Debug|Any CPU.Build.0 = Debug|Any CPU
		{928EE27E-046E-4DCE-9D04-1C065B51DC67}.Debug|x64.ActiveCfg = Debug|Any CPU
		{928EE27E-046E-4DCE-9D04-1C065B51DC67}.Debug|x64.Build.0 = Debug|Any CPU
		{928EE27E-046E-4DCE-9D04-1C065B51DC67}.Debug|x86.ActiveCfg = Debug|Any CPU
		{928EE27E-046E-4DCE-9D04-1C065B51DC67}.Debug|x86.Build.0 = Debug|Any CPU
		{928EE27E-046E-4DCE-9D04-1C065B51DC67}.Release|Any CPU.ActiveCfg = Release|Any CPU
		{928EE27E-046E-4DCE-9D04-1C065B51DC67}.Release|Any CPU.Build.0 = Release|Any CPU
		{928EE27E-046E-4DCE-9D04-1C065B51DC67}.Release|x64.ActiveCfg = Release|Any CPU
		{928EE27E-046E-4DCE-9D04-1C065B51DC67}.Release|x64.Build.0 = Release|Any CPU
		{928EE27E-046E-4DCE-9D04-1C065B51DC67}.Release|x86.ActiveCfg = Release|Any CPU
		{928EE27E-046E-4DCE-9D04-1C065B51DC67}.Release|x86.Build.0 = Release|Any CPU
		{BBB2E91C-C4D2-449F-ACD5-2823A90580BA}.Debug|Any CPU.ActiveCfg = Debug|Any CPU
		{BBB2E91C-C4D2-449F-ACD5-2823A90580BA}.Debug|Any CPU.Build.0 = Debug|Any CPU
		{BBB2E91C-C4D2-449F-ACD5-2823A90580BA}.Debug|x64.ActiveCfg = Debug|Any CPU
		{BBB2E91C-C4D2-449F-ACD5-2823A90580BA}.Debug|x64.Build.0 = Debug|Any CPU
		{BBB2E91C-C4D2-449F-ACD5-2823A90580BA}.Debug|x86.ActiveCfg = Debug|Any CPU
		{BBB2E91C-C4D2-449F-ACD5-2823A90580BA}.Debug|x86.Build.0 = Debug|Any CPU
		{BBB2E91C-C4D2-449F-ACD5-2823A90580BA}.Release|Any CPU.ActiveCfg = Release|Any CPU
		{BBB2E91C-C4D2-449F-ACD5-2823A90580BA}.Release|Any CPU.Build.0 = Release|Any CPU
		{BBB2E91C-C4D2-449F-ACD5-2823A90580BA}.Release|x64.ActiveCfg = Release|Any CPU
		{BBB2E91C-C4D2-449F-ACD5-2823A90580BA}.Release|x64.Build.0 = Release|Any CPU
		{BBB2E91C-C4D2-449F-ACD5-2823A90580BA}.Release|x86.ActiveCfg = Release|Any CPU
		{BBB2E91C-C4D2-449F-ACD5-2823A90580BA}.Release|x86.Build.0 = Release|Any CPU
		{C0C3D6D3-E58C-4A8E-9B64-B725352EF8C7}.Debug|Any CPU.ActiveCfg = Debug|Any CPU
		{C0C3D6D3-E58C-4A8E-9B64-B725352EF8C7}.Debug|Any CPU.Build.0 = Debug|Any CPU
		{C0C3D6D3-E58C-4A8E-9B64-B725352EF8C7}.Debug|x64.ActiveCfg = Debug|Any CPU
		{C0C3D6D3-E58C-4A8E-9B64-B725352EF8C7}.Debug|x64.Build.0 = Debug|Any CPU
		{C0C3D6D3-E58C-4A8E-9B64-B725352EF8C7}.Debug|x86.ActiveCfg = Debug|Any CPU
		{C0C3D6D3-E58C-4A8E-9B64-B725352EF8C7}.Debug|x86.Build.0 = Debug|Any CPU
		{C0C3D6D3-E58C-4A8E-9B64-B725352EF8C7}.Release|Any CPU.ActiveCfg = Release|Any CPU
		{C0C3D6D3-E58C-4A8E-9B64-B725352EF8C7}.Release|Any CPU.Build.0 = Release|Any CPU
		{C0C3D6D3-E58C-4A8E-9B64-B725352EF8C7}.Release|x64.ActiveCfg = Release|Any CPU
		{C0C3D6D3-E58C-4A8E-9B64-B725352EF8C7}.Release|x64.Build.0 = Release|Any CPU
		{C0C3D6D3-E58C-4A8E-9B64-B725352EF8C7}.Release|x86.ActiveCfg = Release|Any CPU
		{C0C3D6D3-E58C-4A8E-9B64-B725352EF8C7}.Release|x86.Build.0 = Release|Any CPU
	EndGlobalSection
	GlobalSection(SolutionProperties) = preSolution
		HideSolutionNode = FALSE
	EndGlobalSection
	GlobalSection(ExtensibilityGlobals) = postSolution
		SolutionGuid = {A79046D2-4B69-492A-8FAF-22614FE8FD64}
	EndGlobalSection
EndGlobal
